#MicroXplorer Configuration settings - do not modify
ADC1.Channel-1\#ChannelRegularConversion=ADC_CHANNEL_2
ADC1.Channel-2\#ChannelRegularConversion=ADC_CHANNEL_3
ADC1.Channel-3\#ChannelRegularConversion=ADC_CHANNEL_4
ADC1.Channel-4\#ChannelRegularConversion=ADC_CHANNEL_5
ADC1.ContinuousConvMode=ENABLE
ADC1.ConversionDataManagement=ADC_CONVERSIONDATA_DMA_CIRCULAR
ADC1.EOCSelection=ADC_EOC_SEQ_CONV
ADC1.IPParameters=Rank-1\#ChannelRegularConversion,Channel-1\#ChannelRegularConversion,SamplingTime-1\#ChannelRegularConversion,OffsetNumber-1\#ChannelRegularConversion,OffsetSignedSaturation-1\#ChannelRegularConversion,NbrOfConversionFlag,ConversionDataManagement,SingleDiff-1\#ChannelRegularConversion,OversamplingMode,Ratio,Rank-2\#ChannelRegularConversion,Channel-2\#ChannelRegularConversion,SingleDiff-2\#ChannelRegularConversion,SamplingTime-2\#ChannelRegularConversion,OffsetNumber-2\#ChannelRegularConversion,OffsetSignedSaturation-2\#ChannelRegularConversion,Rank-3\#ChannelRegularConversion,Channel-3\#ChannelRegularConversion,SingleDiff-3\#ChannelRegularConversion,SamplingTime-3\#ChannelRegularConversion,OffsetNumber-3\#ChannelRegularConversion,OffsetSignedSaturation-3\#ChannelRegularConversion,Rank-4\#ChannelRegularConversion,Channel-4\#ChannelRegularConversion,SingleDiff-4\#ChannelRegularConversion,SamplingTime-4\#ChannelRegularConversion,OffsetNumber-4\#ChannelRegularConversion,OffsetSignedSaturation-4\#ChannelRegularConversion,NbrOfConversion,EOCSelection,master,ContinuousConvMode
ADC1.NbrOfConversion=4
ADC1.NbrOfConversionFlag=1
ADC1.OffsetNumber-1\#ChannelRegularConversion=ADC_OFFSET_NONE
ADC1.OffsetNumber-2\#ChannelRegularConversion=ADC_OFFSET_NONE
ADC1.OffsetNumber-3\#ChannelRegularConversion=ADC_OFFSET_NONE
ADC1.OffsetNumber-4\#ChannelRegularConversion=ADC_OFFSET_NONE
ADC1.OffsetSignedSaturation-1\#ChannelRegularConversion=DISABLE
ADC1.OffsetSignedSaturation-2\#ChannelRegularConversion=DISABLE
ADC1.OffsetSignedSaturation-3\#ChannelRegularConversion=DISABLE
ADC1.OffsetSignedSaturation-4\#ChannelRegularConversion=DISABLE
ADC1.OversamplingMode=DISABLE
ADC1.Rank-1\#ChannelRegularConversion=1
ADC1.Rank-2\#ChannelRegularConversion=2
ADC1.Rank-3\#ChannelRegularConversion=3
ADC1.Rank-4\#ChannelRegularConversion=4
ADC1.Ratio=8
ADC1.SamplingTime-1\#ChannelRegularConversion=ADC_SAMPLETIME_810CYCLES_5
ADC1.SamplingTime-2\#ChannelRegularConversion=ADC_SAMPLETIME_810CYCLES_5
ADC1.SamplingTime-3\#ChannelRegularConversion=ADC_SAMPLETIME_810CYCLES_5
ADC1.SamplingTime-4\#ChannelRegularConversion=ADC_SAMPLETIME_810CYCLES_5
ADC1.SingleDiff-1\#ChannelRegularConversion=ADC_DIFFERENTIAL_ENDED
ADC1.SingleDiff-2\#ChannelRegularConversion=ADC_DIFFERENTIAL_ENDED
ADC1.SingleDiff-3\#ChannelRegularConversion=ADC_DIFFERENTIAL_ENDED
ADC1.SingleDiff-4\#ChannelRegularConversion=ADC_DIFFERENTIAL_ENDED
ADC1.master=1
ADC2.Channel-1\#ChannelRegularConversion=ADC_CHANNEL_2
ADC2.Channel-2\#ChannelRegularConversion=ADC_CHANNEL_6
ADC2.Channel-3\#ChannelRegularConversion=ADC_CHANNEL_18
ADC2.Channel-4\#ChannelRegularConversion=ADC_CHANNEL_19
ADC2.Channel-5\#ChannelRegularConversion=ADC_CHANNEL_15
ADC2.Channel-6\#ChannelRegularConversion=ADC_CHANNEL_14
ADC2.ClockPrescaler=ADC_CLOCK_ASYNC_DIV1
ADC2.ContinuousConvMode=ENABLE
ADC2.ConversionDataManagement=ADC_CONVERSIONDATA_DMA_CIRCULAR
ADC2.EOCSelection=ADC_EOC_SEQ_CONV
ADC2.IPParameters=Rank-1\#ChannelRegularConversion,Channel-1\#ChannelRegularConversion,SamplingTime-1\#ChannelRegularConversion,OffsetNumber-1\#ChannelRegularConversion,OffsetSignedSaturation-1\#ChannelRegularConversion,NbrOfConversionFlag,ClockPrescaler,Rank-2\#ChannelRegularConversion,Channel-2\#ChannelRegularConversion,SamplingTime-2\#ChannelRegularConversion,OffsetNumber-2\#ChannelRegularConversion,OffsetSignedSaturation-2\#ChannelRegularConversion,Rank-3\#ChannelRegularConversion,Channel-3\#ChannelRegularConversion,SamplingTime-3\#ChannelRegularConversion,OffsetNumber-3\#ChannelRegularConversion,OffsetSignedSaturation-3\#ChannelRegularConversion,Rank-4\#ChannelRegularConversion,Channel-4\#ChannelRegularConversion,SamplingTime-4\#ChannelRegularConversion,OffsetNumber-4\#ChannelRegularConversion,OffsetSignedSaturation-4\#ChannelRegularConversion,NbrOfConversion,EOCSelection,ConversionDataManagement,ContinuousConvMode,Rank-5\#ChannelRegularConversion,Channel-5\#ChannelRegularConversion,SamplingTime-5\#ChannelRegularConversion,OffsetNumber-5\#ChannelRegularConversion,OffsetSignedSaturation-5\#ChannelRegularConversion,Rank-6\#ChannelRegularConversion,Channel-6\#ChannelRegularConversion,SamplingTime-6\#ChannelRegularConversion,OffsetNumber-6\#ChannelRegularConversion,OffsetSignedSaturation-6\#ChannelRegularConversion
ADC2.NbrOfConversion=6
ADC2.NbrOfConversionFlag=1
ADC2.OffsetNumber-1\#ChannelRegularConversion=ADC_OFFSET_NONE
ADC2.OffsetNumber-2\#ChannelRegularConversion=ADC_OFFSET_NONE
ADC2.OffsetNumber-3\#ChannelRegularConversion=ADC_OFFSET_NONE
ADC2.OffsetNumber-4\#ChannelRegularConversion=ADC_OFFSET_NONE
ADC2.OffsetNumber-5\#ChannelRegularConversion=ADC_OFFSET_NONE
ADC2.OffsetNumber-6\#ChannelRegularConversion=ADC_OFFSET_NONE
ADC2.OffsetSignedSaturation-1\#ChannelRegularConversion=DISABLE
ADC2.OffsetSignedSaturation-2\#ChannelRegularConversion=DISABLE
ADC2.OffsetSignedSaturation-3\#ChannelRegularConversion=DISABLE
ADC2.OffsetSignedSaturation-4\#ChannelRegularConversion=DISABLE
ADC2.OffsetSignedSaturation-5\#ChannelRegularConversion=DISABLE
ADC2.OffsetSignedSaturation-6\#ChannelRegularConversion=DISABLE
ADC2.Rank-1\#ChannelRegularConversion=1
ADC2.Rank-2\#ChannelRegularConversion=2
ADC2.Rank-3\#ChannelRegularConversion=3
ADC2.Rank-4\#ChannelRegularConversion=4
ADC2.Rank-5\#ChannelRegularConversion=5
ADC2.Rank-6\#ChannelRegularConversion=6
ADC2.SamplingTime-1\#ChannelRegularConversion=ADC_SAMPLETIME_810CYCLES_5
ADC2.SamplingTime-2\#ChannelRegularConversion=ADC_SAMPLETIME_810CYCLES_5
ADC2.SamplingTime-3\#ChannelRegularConversion=ADC_SAMPLETIME_810CYCLES_5
ADC2.SamplingTime-4\#ChannelRegularConversion=ADC_SAMPLETIME_810CYCLES_5
ADC2.SamplingTime-5\#ChannelRegularConversion=ADC_SAMPLETIME_810CYCLES_5
ADC2.SamplingTime-6\#ChannelRegularConversion=ADC_SAMPLETIME_810CYCLES_5
CAD.formats=
CAD.pinconfig=
CAD.provider=
CORTEX_M7.AccessPermission_S-Cortex_Memory_Protection_Unit_Region1_Settings_S=MPU_REGION_FULL_ACCESS
CORTEX_M7.BaseAddress_S-Cortex_Memory_Protection_Unit_Region1_Settings_S=0x30000000
CORTEX_M7.CPU_DCache=Enabled
CORTEX_M7.CPU_ICache=Enabled
CORTEX_M7.DisableExec_S-Cortex_Memory_Protection_Unit_Region1_Settings_S=MPU_INSTRUCTION_ACCESS_DISABLE
CORTEX_M7.Enable_S-Cortex_Memory_Protection_Unit_Region1_Settings_S=MPU_REGION_ENABLE
CORTEX_M7.IPParameters=default_mode_Activation,Enable_S-Cortex_Memory_Protection_Unit_Region1_Settings_S,BaseAddress_S-Cortex_Memory_Protection_Unit_Region1_Settings_S,Size_S-Cortex_Memory_Protection_Unit_Region1_Settings_S,DisableExec_S-Cortex_Memory_Protection_Unit_Region1_Settings_S,CPU_ICache,CPU_DCache,AccessPermission_S-Cortex_Memory_Protection_Unit_Region1_Settings_S,IsShareable_S-Cortex_Memory_Protection_Unit_Region1_Settings_S
CORTEX_M7.IsShareable_S-Cortex_Memory_Protection_Unit_Region1_Settings_S=MPU_ACCESS_SHAREABLE
CORTEX_M7.Size_S-Cortex_Memory_Protection_Unit_Region1_Settings_S=MPU_REGION_SIZE_512B
CORTEX_M7.default_mode_Activation=1
Dma.ADC1.0.Direction=DMA_PERIPH_TO_MEMORY
Dma.ADC1.0.EventEnable=DISABLE
Dma.ADC1.0.FIFOMode=DMA_FIFOMODE_DISABLE
Dma.ADC1.0.Instance=DMA1_Stream0
Dma.ADC1.0.MemDataAlignment=DMA_MDATAALIGN_WORD
Dma.ADC1.0.MemInc=DMA_MINC_ENABLE
Dma.ADC1.0.Mode=DMA_CIRCULAR
Dma.ADC1.0.PeriphDataAlignment=DMA_PDATAALIGN_WORD
Dma.ADC1.0.PeriphInc=DMA_PINC_DISABLE
Dma.ADC1.0.Polarity=HAL_DMAMUX_REQ_GEN_RISING
Dma.ADC1.0.Priority=DMA_PRIORITY_LOW
Dma.ADC1.0.RequestNumber=1
Dma.ADC1.0.RequestParameters=Instance,Direction,PeriphInc,MemInc,PeriphDataAlignment,MemDataAlignment,Mode,Priority,FIFOMode,SignalID,Polarity,RequestNumber,SyncSignalID,SyncPolarity,SyncEnable,EventEnable,SyncRequestNumber
Dma.ADC1.0.SignalID=NONE
Dma.ADC1.0.SyncEnable=DISABLE
Dma.ADC1.0.SyncPolarity=HAL_DMAMUX_SYNC_NO_EVENT
Dma.ADC1.0.SyncRequestNumber=1
Dma.ADC1.0.SyncSignalID=NONE
Dma.ADC2.1.Direction=DMA_PERIPH_TO_MEMORY
Dma.ADC2.1.EventEnable=DISABLE
Dma.ADC2.1.FIFOMode=DMA_FIFOMODE_DISABLE
Dma.ADC2.1.Instance=DMA1_Stream1
Dma.ADC2.1.MemDataAlignment=DMA_MDATAALIGN_WORD
Dma.ADC2.1.MemInc=DMA_MINC_ENABLE
Dma.ADC2.1.Mode=DMA_CIRCULAR
Dma.ADC2.1.PeriphDataAlignment=DMA_PDATAALIGN_WORD
Dma.ADC2.1.PeriphInc=DMA_PINC_DISABLE
Dma.ADC2.1.Polarity=HAL_DMAMUX_REQ_GEN_RISING
Dma.ADC2.1.Priority=DMA_PRIORITY_LOW
Dma.ADC2.1.RequestNumber=1
Dma.ADC2.1.RequestParameters=Instance,Direction,PeriphInc,MemInc,PeriphDataAlignment,MemDataAlignment,Mode,Priority,FIFOMode,SignalID,Polarity,RequestNumber,SyncSignalID,SyncPolarity,SyncEnable,EventEnable,SyncRequestNumber
Dma.ADC2.1.SignalID=NONE
Dma.ADC2.1.SyncEnable=DISABLE
Dma.ADC2.1.SyncPolarity=HAL_DMAMUX_SYNC_NO_EVENT
Dma.ADC2.1.SyncRequestNumber=1
Dma.ADC2.1.SyncSignalID=NONE
Dma.Request0=ADC1
Dma.Request1=ADC2
Dma.RequestsNb=2
File.Version=6
GPIO.groupedBy=Group By Peripherals
I2C2.IPParameters=Timing
I2C2.Timing=0x307075B1
KeepUserPlacement=false
MMTAppReg1.MEMORYMAP.AppRegionName=DTCMRAM
MMTAppReg1.MEMORYMAP.ContextName=Cortex-M7NS
MMTAppReg1.MEMORYMAP.CoreName=ARM Cortex-M7
MMTAppReg1.MEMORYMAP.IPParameters=StartAddress,Size,CoreName,ContextName,Name
MMTAppReg1.MEMORYMAP.Name=DTCMRAM
MMTAppReg1.MEMORYMAP.Size=131072
MMTAppReg1.MEMORYMAP.StartAddress=0x20000000
MMTAppReg2.MEMORYMAP.AppRegionName=RAM
MMTAppReg2.MEMORYMAP.ContextName=Cortex-M7NS
MMTAppReg2.MEMORYMAP.CoreName=ARM Cortex-M7
MMTAppReg2.MEMORYMAP.DefaultDataRegion=true
MMTAppReg2.MEMORYMAP.IPParameters=StartAddress,Size,CoreName,ContextName,Name,DefaultDataRegion
MMTAppReg2.MEMORYMAP.Name=RAM
MMTAppReg2.MEMORYMAP.Size=524288
MMTAppReg2.MEMORYMAP.StartAddress=0x24000000
MMTAppReg3.MEMORYMAP.AppRegionName=RAM_D2
MMTAppReg3.MEMORYMAP.ContextName=Cortex-M7NS
MMTAppReg3.MEMORYMAP.CoreName=ARM Cortex-M7
MMTAppReg3.MEMORYMAP.IPParameters=StartAddress,Size,CoreName,ContextName,Name
MMTAppReg3.MEMORYMAP.Name=RAM_D2
MMTAppReg3.MEMORYMAP.Size=294912
MMTAppReg3.MEMORYMAP.StartAddress=0x30000000
MMTAppReg4.MEMORYMAP.AppRegionName=RAM_D3
MMTAppReg4.MEMORYMAP.ContextName=Cortex-M7NS
MMTAppReg4.MEMORYMAP.CoreName=ARM Cortex-M7
MMTAppReg4.MEMORYMAP.IPParameters=StartAddress,Size,CoreName,ContextName,Name
MMTAppReg4.MEMORYMAP.Name=RAM_D3
MMTAppReg4.MEMORYMAP.Size=65536
MMTAppReg4.MEMORYMAP.StartAddress=0x38000000
MMTAppReg5.MEMORYMAP.AppRegionName=ITCMRAM
MMTAppReg5.MEMORYMAP.Cacheability=WTRA
MMTAppReg5.MEMORYMAP.ContextName=Cortex-M7NS
MMTAppReg5.MEMORYMAP.CoreName=ARM Cortex-M7
MMTAppReg5.MEMORYMAP.IPParameters=StartAddress,Size,CoreName,ContextName,Name,Cacheability
MMTAppReg5.MEMORYMAP.Name=ITCMRAM
MMTAppReg5.MEMORYMAP.Size=65536
MMTAppReg5.MEMORYMAP.StartAddress=0x00000000
MMTAppReg6.MEMORYMAP.AP=RO_priv_only
MMTAppReg6.MEMORYMAP.AppRegionName=FLASH
MMTAppReg6.MEMORYMAP.Cacheability=WTRA
MMTAppReg6.MEMORYMAP.ContextName=Cortex-M7NS
MMTAppReg6.MEMORYMAP.CoreName=ARM Cortex-M7
MMTAppReg6.MEMORYMAP.DefaultCodeRegion=true
MMTAppReg6.MEMORYMAP.IPParameters=StartAddress,Size,CoreName,MemType,ContextName,Name,AP,Cacheability,DefaultCodeRegion,ISRRegion,RootBootRegion
MMTAppReg6.MEMORYMAP.ISRRegion=true
MMTAppReg6.MEMORYMAP.MemType=ROM
MMTAppReg6.MEMORYMAP.Name=FLASH
MMTAppReg6.MEMORYMAP.RootBootRegion=true
MMTAppReg6.MEMORYMAP.Size=2097152
MMTAppReg6.MEMORYMAP.StartAddress=0x08000000
MMTAppRegionsCount=6
MMTConfigApplied=false
MMTSectionSuffix=
Mcu.CPN=STM32H753ZIT6
Mcu.Family=STM32H7
Mcu.IP0=ADC1
Mcu.IP1=ADC2
Mcu.IP10=USART3
Mcu.IP11=USB_OTG_FS
Mcu.IP2=CORTEX_M7
Mcu.IP3=DEBUG
Mcu.IP4=DMA
Mcu.IP5=I2C2
Mcu.IP6=MEMORYMAP
Mcu.IP7=NVIC
Mcu.IP8=RCC
Mcu.IP9=SYS
Mcu.IPNb=12
Mcu.Name=STM32H753ZITx
Mcu.Package=LQFP144
Mcu.Pin0=PE2
Mcu.Pin1=PE3
Mcu.Pin10=PF9
Mcu.Pin11=PA2
Mcu.Pin12=PA3
Mcu.Pin13=PA4
Mcu.Pin14=PA5
Mcu.Pin15=PA6
Mcu.Pin16=PA7
Mcu.Pin17=PC4
Mcu.Pin18=PC5
Mcu.Pin19=PB0
Mcu.Pin2=PE4
Mcu.Pin20=PB1
Mcu.Pin21=PF11
Mcu.Pin22=PF12
Mcu.Pin23=PF13
Mcu.Pin24=PF14
Mcu.Pin25=PG0
Mcu.Pin26=PG1
Mcu.Pin27=PE9
Mcu.Pin28=PB12
Mcu.Pin29=PB14
Mcu.Pin3=PE5
Mcu.Pin30=PB15
Mcu.Pin31=PD8
Mcu.Pin32=PD9
Mcu.Pin33=PG2
Mcu.Pin34=PG3
Mcu.Pin35=PC6
Mcu.Pin36=PC8
Mcu.Pin37=PC9
Mcu.Pin38=PA11
Mcu.Pin39=PA12
Mcu.Pin4=PE6
Mcu.Pin40=PA13 (JTMS/SWDIO)
Mcu.Pin41=PA14 (JTCK/SWCLK)
Mcu.Pin42=PA15 (JTDI)
Mcu.Pin43=PC10
Mcu.Pin44=PC11
Mcu.Pin45=PC12
Mcu.Pin46=PD0
Mcu.Pin47=PD1
Mcu.Pin48=PD2
Mcu.Pin49=PD7
Mcu.Pin5=PC13
Mcu.Pin50=PG12
Mcu.Pin51=PE1
Mcu.Pin52=VP_SYS_VS_Systick
Mcu.Pin53=VP_MEMORYMAP_VS_MEMORYMAP
Mcu.Pin6=PF0
Mcu.Pin7=PF1
Mcu.Pin8=PF7
Mcu.Pin9=PF8
Mcu.PinsNb=54
Mcu.ThirdPartyNb=0
Mcu.UserConstants=
Mcu.UserName=STM32H753ZITx
MxCube.Version=6.16.1
MxDb.Version=DB.6.0.161
NVIC.BusFault_IRQn=true\:0\:0\:false\:false\:true\:false\:false\:false
NVIC.DMA1_Stream0_IRQn=true\:0\:0\:false\:false\:true\:false\:true\:true
NVIC.DMA1_Stream1_IRQn=true\:0\:0\:false\:false\:true\:false\:true\:true
NVIC.DebugMonitor_IRQn=true\:0\:0\:false\:false\:true\:false\:false\:false
NVIC.EXTI15_10_IRQn=true\:0\:0\:false\:false\:true\:true\:true\:true
NVIC.ForceEnableDMAVector=true
NVIC.HardFault_IRQn=true\:0\:0\:false\:false\:true\:false\:false\:false
NVIC.MemoryManagement_IRQn=true\:0\:0\:false\:false\:true\:false\:false\:false
NVIC.NonMaskableInt_IRQn=true\:0\:0\:false\:false\:true\:false\:false\:false
NVIC.OTG_FS_IRQn=true\:0\:0\:false\:false\:true\:true\:true\:true
NVIC.PendSV_IRQn=true\:0\:0\:false\:false\:true\:false\:false\:false
NVIC.PriorityGroup=NVIC_PRIORITYGROUP_4
NVIC.SVCall_IRQn=true\:0\:0\:false\:false\:true\:false\:false\:false
NVIC.SysTick_IRQn=true\:15\:0\:false\:false\:true\:false\:true\:false
NVIC.UsageFault_IRQn=true\:0\:0\:false\:false\:true\:false\:false\:false
PA11.Mode=Host_Only
PA11.Signal=USB_OTG_FS_DM
PA12.Mode=Host_Only
PA12.Signal=USB_OTG_FS_DP
PA13\ (JTMS/SWDIO).Mode=Serial_Wire
PA13\ (JTMS/SWDIO).Signal=DEBUG_JTMS-SWDIO
PA14\ (JTCK/SWCLK).Mode=Serial_Wire
PA14\ (JTCK/SWCLK).Signal=DEBUG_JTCK-SWCLK
PA15\ (JTDI).GPIOParameters=GPIO_Label
PA15\ (JTDI).GPIO_Label=SCOPE2
PA15\ (JTDI).Locked=true
PA15\ (JTDI).Signal=GPIO_Output
PA2.Locked=true
PA2.Signal=ADCx_INP14
PA3.Locked=true
PA3.Signal=ADCx_INP15
PA4.Locked=true
PA4.Signal=ADCx_INP18
PA5.Locked=true
PA5.Signal=ADCx_INP19
PA6.Locked=true
PA6.Signal=ADCx_INP3
PA7.Locked=true
PA7.Signal=ADCx_INN3
PB0.Locked=true
PB0.Signal=ADCx_INN5
PB1.Locked=true
PB1.Signal=ADCx_INP5
PB12.GPIOParameters=GPIO_Label
PB12.GPIO_Label=SCOPE
PB12.Locked=true
PB12.Signal=GPIO_Output
PB14.GPIOParameters=GPIO_Label
PB14.GPIO_Label=LED
PB14.Locked=true
PB14.Signal=GPIO_Output
PB15.GPIOParameters=GPIO_Label,GPIO_ModeDefaultEXTI
PB15.GPIO_Label=CELL1_DIN
PB15.GPIO_ModeDefaultEXTI=GPIO_MODE_IT_FALLING
PB15.Locked=true
PB15.Signal=GPXTI15
PC10.GPIOParameters=GPIO_Label
PC10.GPIO_Label=SCH13
PC10.Locked=true
PC10.Signal=GPIO_Output
PC11.GPIOParameters=GPIO_Label
PC11.GPIO_Label=SCH12
PC11.Locked=true
PC11.Signal=GPIO_Output
PC12.GPIOParameters=GPIO_Label
PC12.GPIO_Label=SCH11
PC12.Locked=true
PC12.Signal=GPIO_Output
PC13.GPIOParameters=GPIO_Label
PC13.GPIO_Label=USRBTN
PC13.Locked=true
PC13.Signal=GPIO_Input
PC4.Locked=true
PC4.Signal=ADCx_INP4
PC5.Locked=true
PC5.Signal=ADCx_INN4
PC6.Locked=true
PC8.GPIOParameters=GPIO_Label
PC8.GPIO_Label=SCH15
PC8.Locked=true
PC8.Signal=GPIO_Output
PC9.GPIOParameters=GPIO_Label
PC9.GPIO_Label=SCH14
PC9.Locked=true
PC9.Signal=GPIO_Output
PD0.GPIOParameters=GPIO_Label
PD0.GPIO_Label=MUXA2
PD0.Locked=true
PD0.Signal=GPIO_Output
PD1.GPIOParameters=GPIO_Label
PD1.GPIO_Label=MUXA1
PD1.Locked=true
PD1.Signal=GPIO_Output
PD2.GPIOParameters=GPIO_Label
PD2.GPIO_Label=SCH10
PD2.Locked=true
PD2.Signal=GPIO_Output
PD7.GPIOParameters=GPIO_Label
PD7.GPIO_Label=ACT_EN1
PD7.Locked=true
PD7.Signal=GPIO_Output
PD8.Locked=true
PD8.Mode=Asynchronous
PD8.Signal=USART3_TX
PD9.Locked=true
PD9.Mode=Asynchronous
PD9.Signal=USART3_RX
PE1.GPIOParameters=GPIO_Label
PE1.GPIO_Label=LED2
PE1.Locked=true
PE1.Signal=GPIO_Output
PE2.GPIOParameters=GPIO_Label
PE2.GPIO_Label=SCH7
PE2.Locked=true
PE2.Signal=GPIO_Output
PE3.GPIOParameters=GPIO_Label
PE3.GPIO_Label=SCH3
PE3.Locked=true
PE3.Signal=GPIO_Output
PE4.GPIOParameters=GPIO_Label
PE4.GPIO_Label=SCH6
PE4.Locked=true
PE4.Signal=GPIO_Output
PE5.GPIOParameters=GPIO_Label
PE5.GPIO_Label=SCH5
PE5.Locked=true
PE5.Signal=GPIO_Output
PE6.GPIOParameters=GPIO_Label
PE6.GPIO_Label=SCH4
PE6.Locked=true
PE6.Signal=GPIO_Output
PE9.Locked=true
PF0.Locked=true
PF0.Mode=I2C
PF0.Signal=I2C2_SDA
PF1.Locked=true
PF1.Mode=I2C
PF1.Signal=I2C2_SCL
PF11.Locked=true
PF11.Mode=IN2-Differential
PF11.Signal=ADC1_INP2
PF12.Locked=true
PF12.Mode=IN2-Differential
PF12.Signal=ADC1_INN2
PF13.Locked=true
PF13.Mode=IN2-Single-Ended
PF13.Signal=ADC2_INP2
PF14.Locked=true
PF14.Mode=IN6-Single-Ended
PF14.Signal=ADC2_INP6
PF7.GPIOParameters=GPIO_Label
PF7.GPIO_Label=SCH1
PF7.Locked=true
PF7.Signal=GPIO_Output
PF8.GPIOParameters=GPIO_Label
PF8.GPIO_Label=SCH2
PF8.Locked=true
PF8.Signal=GPIO_Output
PF9.GPIOParameters=GPIO_Label
PF9.GPIO_Label=SCH0
PF9.Locked=true
PF9.Signal=GPIO_Output
PG0.GPIOParameters=GPIO_Label
PG0.GPIO_Label=MUXA0
PG0.Locked=true
PG0.Signal=GPIO_Output
PG1.GPIOParameters=GPIO_Label
PG1.GPIO_Label=ACT_EN0
PG1.Locked=true
PG1.Signal=GPIO_Output
PG12.GPIOParameters=GPIO_Label
PG12.GPIO_Label=CELL2_DIN
PG12.Locked=true
PG12.Signal=GPXTI12
PG2.GPIOParameters=GPIO_Label
PG2.GPIO_Label=SCH9
PG2.Locked=true
PG2.Signal=GPIO_Output
PG3.GPIOParameters=GPIO_Label
PG3.GPIO_Label=SCH8
PG3.Locked=true
PG3.Signal=GPIO_Output
PinOutPanel.RotationAngle=0
ProjectManager.AskForMigrate=true
ProjectManager.BackupPrevious=false
ProjectManager.CompilerLinker=GCC
ProjectManager.CompilerOptimize=6
ProjectManager.ComputerToolchain=false
ProjectManager.CoupleFile=false
ProjectManager.CustomerFirmwarePackage=
ProjectManager.DefaultFWLocation=true
ProjectManager.DeletePrevious=true
ProjectManager.DeviceId=STM32H753ZITx
ProjectManager.FirmwarePackage=STM32Cube FW_H7 V1.12.1
ProjectManager.FreePins=false
ProjectManager.FreePinsContext=
ProjectManager.HalAssertFull=false
ProjectManager.HeapSize=0x200
ProjectManager.KeepUserCode=true
ProjectManager.LastFirmware=true
ProjectManager.LibraryCopy=1
ProjectManager.MainLocation=Core/Src
ProjectManager.NoMain=false
ProjectManager.PreviousToolchain=
ProjectManager.ProjectBuild=false
ProjectManager.ProjectFileName=RANDE_MK2.ioc
ProjectManager.ProjectName=RANDE_MK2
ProjectManager.ProjectStructure=
ProjectManager.RegisterCallBack=
ProjectManager.StackSize=0x400
ProjectManager.TargetToolchain=CMake
ProjectManager.ToolChainLocation=
ProjectManager.UAScriptAfterPath=
ProjectManager.UAScriptBeforePath=
ProjectManager.UnderRoot=false
ProjectManager.functionlistsort=1-SystemClock_Config-RCC-false-HAL-false,2-MX_GPIO_Init-GPIO-false-HAL-true,3-MX_DMA_Init-DMA-false-HAL-true,4-MX_ADC1_Init-ADC1-false-HAL-true,5-MX_ADC2_Init-ADC2-false-HAL-true,6-MX_USART3_UART_Init-USART3-false-HAL-true,7-MX_USB_OTG_FS_HCD_Init-USB_OTG_FS-false-HAL-true,8-MX_I2C2_Init-I2C2-false-HAL-true,0-MX_CORTEX_M7_Init-CORTEX_M7-false-HAL-true
RCC.ADCFreq_Value=100000000
RCC.AHB12Freq_Value=240000000
RCC.AHB4Freq_Value=240000000
RCC.APB1Freq_Value=120000000
RCC.APB2Freq_Value=120000000
RCC.APB3Freq_Value=120000000
RCC.APB4Freq_Value=120000000
RCC.AXIClockFreq_Value=240000000
RCC.CECFreq_Value=32000
RCC.CKPERFreq_Value=64000000
RCC.CortexFreq_Value=480000000
RCC.CpuClockFreq_Value=480000000
RCC.D1CPREFreq_Value=480000000
RCC.D1PPRE=RCC_APB3_DIV2
RCC.D2PPRE1=RCC_APB1_DIV2
RCC.D2PPRE2=RCC_APB2_DIV2
RCC.D3PPRE=RCC_APB4_DIV2
RCC.DFSDMACLkFreq_Value=320000000
RCC.DFSDMFreq_Value=120000000
RCC.DIVM1=4
RCC.DIVM2=4
RCC.DIVN1=60
RCC.DIVN2=25
RCC.DIVP1Freq_Value=480000000
RCC.DIVP2=4
RCC.DIVP2Freq_Value=100000000
RCC.DIVP3Freq_Value=129000000
RCC.DIVQ1=3
RCC.DIVQ1Freq_Value=320000000
RCC.DIVQ2Freq_Value=200000000
RCC.DIVQ3Freq_Value=129000000
RCC.DIVR1Freq_Value=480000000
RCC.DIVR2Freq_Value=200000000
RCC.DIVR3Freq_Value=129000000
RCC.FDCANFreq_Value=320000000
RCC.FMCFreq_Value=240000000
RCC.FamilyName=M
RCC.HCLK3ClockFreq_Value=240000000
RCC.HCLKFreq_Value=240000000
RCC.HPRE=RCC_HCLK_DIV2
RCC.HRTIMFreq_Value=240000000
RCC.I2C123Freq_Value=120000000
RCC.I2C4Freq_Value=120000000
RCC.IPParameters=ADCFreq_Value,AHB12Freq_Value,AHB4Freq_Value,APB1Freq_Value,APB2Freq_Value,APB3Freq_Value,APB4Freq_Value,AXIClockFreq_Value,CECFreq_Value,CKPERFreq_Value,CortexFreq_Value,CpuClockFreq_Value,D1CPREFreq_Value,D1PPRE,D2PPRE1,D2PPRE2,D3PPRE,DFSDMACLkFreq_Value,DFSDMFreq_Value,DIVM1,DIVM2,DIVN1,DIVN2,DIVP1Freq_Value,DIVP2,DIVP2Freq_Value,DIVP3Freq_Value,DIVQ1,DIVQ1Freq_Value,DIVQ2Freq_Value,DIVQ3Freq_Value,DIVR1Freq_Value,DIVR2Freq_Value,DIVR3Freq_Value,FDCANFreq_Value,FMCFreq_Value,FamilyName,HCLK3ClockFreq_Value,HCLKFreq_Value,HPRE,HRTIMFreq_Value,I2C123Freq_Value,I2C4Freq_Value,LPTIM1Freq_Value,LPTIM2Freq_Value,LPTIM345Freq_Value,LPUART1Freq_Value,LTDCFreq_Value,MCO1PinFreq_Value,MCO2PinFreq_Value,PLL2FRACN,PLLFRACN,QSPIFreq_Value,RNGFreq_Value,RTCFreq_Value,SAI1Freq_Value,SAI23Freq_Value,SAI4AFreq_Value,SAI4BFreq_Value,SDMMCFreq_Value,SPDIFRXFreq_Value,SPI123Freq_Value,SPI45Freq_Value,SPI6Freq_Value,SWPMI1Freq_Value,SYSCLKFreq_VALUE,SYSCLKSource,Tim1OutputFreq_Value,Tim2OutputFreq_Value,TraceFreq_Value,USART16Freq_Value,USART234578Freq_Value,USBCLockSelection,USBFreq_Value,VCO1OutputFreq_Value,VCO2OutputFreq_Value,VCO3OutputFreq_Value,VCOInput1Freq_Value,VCOInput2Freq_Value,VCOInput3Freq_Value
RCC.LPTIM1Freq_Value=120000000
RCC.LPTIM2Freq_Value=120000000
RCC.LPTIM345Freq_Value=120000000
RCC.LPUART1Freq_Value=120000000
RCC.LTDCFreq_Value=129000000
RCC.MCO1PinFreq_Value=64000000
RCC.MCO2PinFreq_Value=480000000
RCC.PLL2FRACN=0
RCC.PLLFRACN=0
RCC.QSPIFreq_Value=240000000
RCC.RNGFreq_Value=48000000
RCC.RTCFreq_Value=32000
RCC.SAI1Freq_Value=320000000
RCC.SAI23Freq_Value=320000000
RCC.SAI4AFreq_Value=320000000
RCC.SAI4BFreq_Value=320000000
RCC.SDMMCFreq_Value=320000000
RCC.SPDIFRXFreq_Value=320000000
RCC.SPI123Freq_Value=320000000
RCC.SPI45Freq_Value=120000000
RCC.SPI6Freq_Value=120000000
RCC.SWPMI1Freq_Value=120000000
RCC.SYSCLKFreq_VALUE=480000000
RCC.SYSCLKSource=RCC_SYSCLKSOURCE_PLLCLK
RCC.Tim1OutputFreq_Value=240000000
RCC.Tim2OutputFreq_Value=240000000
RCC.TraceFreq_Value=480000000
RCC.USART16Freq_Value=120000000
RCC.USART234578Freq_Value=120000000
RCC.USBCLockSelection=RCC_USBCLKSOURCE_HSI48
RCC.USBFreq_Value=48000000
RCC.VCO1OutputFreq_Value=960000000
RCC.VCO2OutputFreq_Value=400000000
RCC.VCO3OutputFreq_Value=258000000
RCC.VCOInput1Freq_Value=16000000
RCC.VCOInput2Freq_Value=16000000
RCC.VCOInput3Freq_Value=2000000
SH.ADCx_INN3.0=ADC1_INN3,IN3-Differential
SH.ADCx_INN3.ConfNb=1
SH.ADCx_INN4.0=ADC1_INN4,IN4-Differential
SH.ADCx_INN4.ConfNb=1
SH.ADCx_INN5.0=ADC1_INN5,IN5-Differential
SH.ADCx_INN5.ConfNb=1
SH.ADCx_INP14.0=ADC2_INP14,IN14-Single-Ended
SH.ADCx_INP14.ConfNb=1
SH.ADCx_INP15.0=ADC2_INP15,IN15-Single-Ended
SH.ADCx_INP15.ConfNb=1
SH.ADCx_INP18.0=ADC2_INP18,IN18-Single-Ended
SH.ADCx_INP18.ConfNb=1
SH.ADCx_INP19.0=ADC2_INP19,IN19-Single-Ended
SH.ADCx_INP19.ConfNb=1
SH.ADCx_INP3.0=ADC1_INP3,IN3-Differential
SH.ADCx_INP3.ConfNb=1
SH.ADCx_INP4.0=ADC1_INP4,IN4-Differential
SH.ADCx_INP4.ConfNb=1
SH.ADCx_INP5.0=ADC1_INP5,IN5-Differential
SH.ADCx_INP5.ConfNb=1
SH.GPXTI12.0=GPIO_EXTI12
SH.GPXTI12.ConfNb=1
SH.GPXTI15.0=GPIO_EXTI15
SH.GPXTI15.ConfNb=1
USART3.IPParameters=VirtualMode-Asynchronous
USART3.VirtualMode-Asynchronous=VM_ASYNC
USB_OTG_FS.IPParameters=VirtualMode,phy_itface
USB_OTG_FS.VirtualMode=Host_Only
USB_OTG_FS.phy_itface=HCD_PHY_EMBEDDED
VP_MEMORYMAP_VS_MEMORYMAP.Mode=CurAppReg
VP_MEMORYMAP_VS_MEMORYMAP.Signal=MEMORYMAP_VS_MEMORYMAP
VP_SYS_VS_Systick.Mode=SysTick
VP_SYS_VS_Systick.Signal=SYS_VS_Systick
board=custom
